
Microsoft Visual Studio Solution File, Format Version 12.00
# Visual Studio Version 17
VisualStudioVersion = 17.1.32319.34
MinimumVisualStudioVersion = 10.0.40219.1
Project("{9A19103F-16F7-4668-BE54-9A1E7A4F7556}") = "Notifier BOT", "MyTgBot\Notifier BOT.csproj", "{250BD60E-A0B2-427A-9EF2-32711F35C5F1}"
EndProject
Global
	GlobalSection(SolutionConfigurationPlatforms) = preSolution
		Debug|Any CPU = Debug|Any CPU
		Release|Any CPU = Release|Any CPU
	EndGlobalSection
	GlobalSection(ProjectConfigurationPlatforms) = postSolution
		{250BD60E-A0B2-427A-9EF2-32711F35C5F1}.Debug|Any CPU.ActiveCfg = Debug|Any CPU
		{250BD60E-A0B2-427A-9EF2-32711F35C5F1}.Debug|Any CPU.Build.0 = Debug|Any CPU
		{250BD60E-A0B2-427A-9EF2-32711F35C5F1}.Release|Any CPU.ActiveCfg = Release|Any CPU
		{250BD60E-A0B2-427A-9EF2-32711F35C5F1}.Release|Any CPU.Build.0 = Release|Any CPU
	EndGlobalSection
	GlobalSection(SolutionProperties) = preSolution
		HideSolutionNode = FALSE
	EndGlobalSection
	GlobalSection(ExtensibilityGlobals) = postSolution
		SolutionGuid = {6DEC045C-B967-4F17-8475-BA1FC5CA4774}
	EndGlobalSection
EndGlobal
